
Microsoft Visual Studio Solution File, Format Version 12.00
Project("{2150E333-8FDC-42A3-9474-1A3956D46DE8}") = "Products", "Products", "{06D45E73-14D9-43FC-A9E4-5CFF63E70220}"
EndProject
Project("{FAE04EC0-301F-11D3-BF4B-00C04F79EFBC}") = "SalesRecords.Products.Api", "src\Products\SalesRecords.Products.Api\SalesRecords.Products.Api.csproj", "{8F8D9BF7-77C7-45C4-A1CC-3A7AF75F06E1}"
EndProject
Project("{FAE04EC0-301F-11D3-BF4B-00C04F79EFBC}") = "SalesRecords.Products.Application", "src\Products\SalesRecords.Products.Application\SalesRecords.Products.Application.csproj", "{63F2BD1E-A1BC-426E-95C9-867FE017FA84}"
EndProject
Project("{FAE04EC0-301F-11D3-BF4B-00C04F79EFBC}") = "SalesRecords.Products.Domain", "src\Products\SalesRecords.Products.Domain\SalesRecords.Products.Domain.csproj", "{BC5AC5A3-A71D-43BE-98F1-85C117678183}"
EndProject
Project("{FAE04EC0-301F-11D3-BF4B-00C04F79EFBC}") = "SalesRecords.Products.Infrastructure", "src\Products\SalesRecords.Products.Infrastructure\SalesRecords.Products.Infrastructure.csproj", "{74549647-D658-4AE7-9F81-2B8073570D90}"
EndProject
Project("{FAE04EC0-301F-11D3-BF4B-00C04F79EFBC}") = "SalesRecords.Products.Contracts", "src\Products\SalesRecords.Products.Contracts\SalesRecords.Products.Contracts.csproj", "{C70ADE95-99B8-45C6-A930-3759C85DEA54}"
EndProject
Project("{FAE04EC0-301F-11D3-BF4B-00C04F79EFBC}") = "SalesRecords.Shared.SharedKernel", "src\Shared\SalesRecords.Shared.SharedKernel\SalesRecords.Shared.SharedKernel.csproj", "{44CC8D56-6B5E-4852-A8FC-7087FA122153}"
EndProject
Project("{2150E333-8FDC-42A3-9474-1A3956D46DE8}") = "Shared", "Shared", "{5B776596-3EED-4C8B-A23E-2F4551599BF5}"
EndProject
Project("{2150E333-8FDC-42A3-9474-1A3956D46DE8}") = "Carts", "Carts", "{8DFC1EBD-A220-4B87-A4E7-EA3465C2CBB9}"
EndProject
Project("{FAE04EC0-301F-11D3-BF4B-00C04F79EFBC}") = "SalesRecords.Carts.Api", "src\Carts\SalesRecords.Carts.Api\SalesRecords.Carts.Api.csproj", "{359ABA69-441C-48D2-A104-9DD6F8271D1E}"
EndProject
Project("{FAE04EC0-301F-11D3-BF4B-00C04F79EFBC}") = "SalesRecords.Carts.Application", "src\Carts\SalesRecords.Carts.Application\SalesRecords.Carts.Application.csproj", "{630F73A2-0787-4C84-8CDD-DB29EB4FDA75}"
EndProject
Project("{FAE04EC0-301F-11D3-BF4B-00C04F79EFBC}") = "SalesRecords.Carts.Contracts", "src\Carts\SalesRecords.Carts.Contracts\SalesRecords.Carts.Contracts.csproj", "{F00145C9-416F-47B7-902C-DD150B6A1216}"
EndProject
Project("{FAE04EC0-301F-11D3-BF4B-00C04F79EFBC}") = "SalesRecords.Carts.Domain", "src\Carts\SalesRecords.Carts.Domain\SalesRecords.Carts.Domain.csproj", "{BF8028DD-FBFC-4637-A9DB-40D650EDE32D}"
EndProject
Project("{FAE04EC0-301F-11D3-BF4B-00C04F79EFBC}") = "SalesRecords.Carts.Infrastructure", "src\Carts\SalesRecords.Carts.Infrastructure\SalesRecords.Carts.Infrastructure.csproj", "{3985C860-1FC4-49E2-9ACB-29E2B822BF4D}"
EndProject
Project("{2150E333-8FDC-42A3-9474-1A3956D46DE8}") = "Users", "Users", "{6E8B7C3F-F87D-4ED7-9CF4-354BB021AA8A}"
EndProject
Project("{FAE04EC0-301F-11D3-BF4B-00C04F79EFBC}") = "SalesRecords.Users.Api", "src\Users\SalesRecords.Users.Api\SalesRecords.Users.Api.csproj", "{1A2E6CA0-5F10-479C-96FE-01D0F765462D}"
EndProject
Project("{FAE04EC0-301F-11D3-BF4B-00C04F79EFBC}") = "SalesRecords.Users.Domain", "src\Users\SalesRecords.Users.Domain\SalesRecords.Users.Domain.csproj", "{C32B4E0D-CD7C-40DA-AE1C-02DD2434D868}"
EndProject
Project("{FAE04EC0-301F-11D3-BF4B-00C04F79EFBC}") = "SalesRecords.Users.Infrastructure", "src\Users\SalesRecords.Users.Infrastructure\SalesRecords.Users.Infrastructure.csproj", "{746A67DE-6CC5-4212-99EB-C05A32AFF9EA}"
EndProject
Project("{FAE04EC0-301F-11D3-BF4B-00C04F79EFBC}") = "SalesRecords.Users.Application", "src\Users\SalesRecords.Users.Application\SalesRecords.Users.Application.csproj", "{A9BA9B13-C5A0-49F8-8385-7439487C57ED}"
EndProject
Project("{FAE04EC0-301F-11D3-BF4B-00C04F79EFBC}") = "SalesRecords.Users.Contracts", "src\Users\SalesRecords.Users.Contracts\SalesRecords.Users.Contracts.csproj", "{9103A39F-D758-4E56-8003-6413E596CA89}"
EndProject
Project("{2150E333-8FDC-42A3-9474-1A3956D46DE8}") = "Auth", "Auth", "{7DA66665-4425-4389-9888-DBF4726A04FE}"
EndProject
Project("{FAE04EC0-301F-11D3-BF4B-00C04F79EFBC}") = "SalesRecords.Auth.Api", "src\Auth\SalesRecords.Auth.Api\SalesRecords.Auth.Api.csproj", "{CBFC9AD7-3A5B-4F9E-9639-484B4F64E374}"
EndProject
Project("{FAE04EC0-301F-11D3-BF4B-00C04F79EFBC}") = "SalesRecords.Auth.Contracts", "src\Auth\SalesRecords.Auth.Contracts\SalesRecords.Auth.Contracts.csproj", "{177F6232-605A-4138-951E-7F7CD3A9C603}"
EndProject
Project("{FAE04EC0-301F-11D3-BF4B-00C04F79EFBC}") = "SalesRecords.Auth.Application", "src\Auth\SalesRecords.Auth.Application\SalesRecords.Auth.Application.csproj", "{2EBAF442-63C9-4355-AEA6-213233944313}"
EndProject
Project("{FAE04EC0-301F-11D3-BF4B-00C04F79EFBC}") = "SalesRecords.Auth.Infrastructure", "src\Auth\SalesRecords.Auth.Infrastructure\SalesRecords.Auth.Infrastructure.csproj", "{53F62A54-56D8-4825-ACB3-C57CA8DCE831}"
EndProject
Project("{FAE04EC0-301F-11D3-BF4B-00C04F79EFBC}") = "SalesRecords.Shared.Api", "src\Shared\SalesRecords.Shared.Api\SalesRecords.Shared.Api.csproj", "{2D392451-3564-44E8-A4A0-2698622EAFC9}"
EndProject
Global
	GlobalSection(SolutionConfigurationPlatforms) = preSolution
		Debug|Any CPU = Debug|Any CPU
		Release|Any CPU = Release|Any CPU
	EndGlobalSection
	GlobalSection(ProjectConfigurationPlatforms) = postSolution
		{8F8D9BF7-77C7-45C4-A1CC-3A7AF75F06E1}.Debug|Any CPU.ActiveCfg = Debug|Any CPU
		{8F8D9BF7-77C7-45C4-A1CC-3A7AF75F06E1}.Debug|Any CPU.Build.0 = Debug|Any CPU
		{8F8D9BF7-77C7-45C4-A1CC-3A7AF75F06E1}.Release|Any CPU.ActiveCfg = Release|Any CPU
		{8F8D9BF7-77C7-45C4-A1CC-3A7AF75F06E1}.Release|Any CPU.Build.0 = Release|Any CPU
		{63F2BD1E-A1BC-426E-95C9-867FE017FA84}.Debug|Any CPU.ActiveCfg = Debug|Any CPU
		{63F2BD1E-A1BC-426E-95C9-867FE017FA84}.Debug|Any CPU.Build.0 = Debug|Any CPU
		{63F2BD1E-A1BC-426E-95C9-867FE017FA84}.Release|Any CPU.ActiveCfg = Release|Any CPU
		{63F2BD1E-A1BC-426E-95C9-867FE017FA84}.Release|Any CPU.Build.0 = Release|Any CPU
		{BC5AC5A3-A71D-43BE-98F1-85C117678183}.Debug|Any CPU.ActiveCfg = Debug|Any CPU
		{BC5AC5A3-A71D-43BE-98F1-85C117678183}.Debug|Any CPU.Build.0 = Debug|Any CPU
		{BC5AC5A3-A71D-43BE-98F1-85C117678183}.Release|Any CPU.ActiveCfg = Release|Any CPU
		{BC5AC5A3-A71D-43BE-98F1-85C117678183}.Release|Any CPU.Build.0 = Release|Any CPU
		{74549647-D658-4AE7-9F81-2B8073570D90}.Debug|Any CPU.ActiveCfg = Debug|Any CPU
		{74549647-D658-4AE7-9F81-2B8073570D90}.Debug|Any CPU.Build.0 = Debug|Any CPU
		{74549647-D658-4AE7-9F81-2B8073570D90}.Release|Any CPU.ActiveCfg = Release|Any CPU
		{74549647-D658-4AE7-9F81-2B8073570D90}.Release|Any CPU.Build.0 = Release|Any CPU
		{C70ADE95-99B8-45C6-A930-3759C85DEA54}.Debug|Any CPU.ActiveCfg = Debug|Any CPU
		{C70ADE95-99B8-45C6-A930-3759C85DEA54}.Debug|Any CPU.Build.0 = Debug|Any CPU
		{C70ADE95-99B8-45C6-A930-3759C85DEA54}.Release|Any CPU.ActiveCfg = Release|Any CPU
		{C70ADE95-99B8-45C6-A930-3759C85DEA54}.Release|Any CPU.Build.0 = Release|Any CPU
		{44CC8D56-6B5E-4852-A8FC-7087FA122153}.Debug|Any CPU.ActiveCfg = Debug|Any CPU
		{44CC8D56-6B5E-4852-A8FC-7087FA122153}.Debug|Any CPU.Build.0 = Debug|Any CPU
		{44CC8D56-6B5E-4852-A8FC-7087FA122153}.Release|Any CPU.ActiveCfg = Release|Any CPU
		{44CC8D56-6B5E-4852-A8FC-7087FA122153}.Release|Any CPU.Build.0 = Release|Any CPU
		{359ABA69-441C-48D2-A104-9DD6F8271D1E}.Debug|Any CPU.ActiveCfg = Debug|Any CPU
		{359ABA69-441C-48D2-A104-9DD6F8271D1E}.Debug|Any CPU.Build.0 = Debug|Any CPU
		{359ABA69-441C-48D2-A104-9DD6F8271D1E}.Release|Any CPU.ActiveCfg = Release|Any CPU
		{359ABA69-441C-48D2-A104-9DD6F8271D1E}.Release|Any CPU.Build.0 = Release|Any CPU
		{630F73A2-0787-4C84-8CDD-DB29EB4FDA75}.Debug|Any CPU.ActiveCfg = Debug|Any CPU
		{630F73A2-0787-4C84-8CDD-DB29EB4FDA75}.Debug|Any CPU.Build.0 = Debug|Any CPU
		{630F73A2-0787-4C84-8CDD-DB29EB4FDA75}.Release|Any CPU.ActiveCfg = Release|Any CPU
		{630F73A2-0787-4C84-8CDD-DB29EB4FDA75}.Release|Any CPU.Build.0 = Release|Any CPU
		{F00145C9-416F-47B7-902C-DD150B6A1216}.Debug|Any CPU.ActiveCfg = Debug|Any CPU
		{F00145C9-416F-47B7-902C-DD150B6A1216}.Debug|Any CPU.Build.0 = Debug|Any CPU
		{F00145C9-416F-47B7-902C-DD150B6A1216}.Release|Any CPU.ActiveCfg = Release|Any CPU
		{F00145C9-416F-47B7-902C-DD150B6A1216}.Release|Any CPU.Build.0 = Release|Any CPU
		{BF8028DD-FBFC-4637-A9DB-40D650EDE32D}.Debug|Any CPU.ActiveCfg = Debug|Any CPU
		{BF8028DD-FBFC-4637-A9DB-40D650EDE32D}.Debug|Any CPU.Build.0 = Debug|Any CPU
		{BF8028DD-FBFC-4637-A9DB-40D650EDE32D}.Release|Any CPU.ActiveCfg = Release|Any CPU
		{BF8028DD-FBFC-4637-A9DB-40D650EDE32D}.Release|Any CPU.Build.0 = Release|Any CPU
		{3985C860-1FC4-49E2-9ACB-29E2B822BF4D}.Debug|Any CPU.ActiveCfg = Debug|Any CPU
		{3985C860-1FC4-49E2-9ACB-29E2B822BF4D}.Debug|Any CPU.Build.0 = Debug|Any CPU
		{3985C860-1FC4-49E2-9ACB-29E2B822BF4D}.Release|Any CPU.ActiveCfg = Release|Any CPU
		{3985C860-1FC4-49E2-9ACB-29E2B822BF4D}.Release|Any CPU.Build.0 = Release|Any CPU
		{1A2E6CA0-5F10-479C-96FE-01D0F765462D}.Debug|Any CPU.ActiveCfg = Debug|Any CPU
		{1A2E6CA0-5F10-479C-96FE-01D0F765462D}.Debug|Any CPU.Build.0 = Debug|Any CPU
		{1A2E6CA0-5F10-479C-96FE-01D0F765462D}.Release|Any CPU.ActiveCfg = Release|Any CPU
		{1A2E6CA0-5F10-479C-96FE-01D0F765462D}.Release|Any CPU.Build.0 = Release|Any CPU
		{C32B4E0D-CD7C-40DA-AE1C-02DD2434D868}.Debug|Any CPU.ActiveCfg = Debug|Any CPU
		{C32B4E0D-CD7C-40DA-AE1C-02DD2434D868}.Debug|Any CPU.Build.0 = Debug|Any CPU
		{C32B4E0D-CD7C-40DA-AE1C-02DD2434D868}.Release|Any CPU.ActiveCfg = Release|Any CPU
		{C32B4E0D-CD7C-40DA-AE1C-02DD2434D868}.Release|Any CPU.Build.0 = Release|Any CPU
		{746A67DE-6CC5-4212-99EB-C05A32AFF9EA}.Debug|Any CPU.ActiveCfg = Debug|Any CPU
		{746A67DE-6CC5-4212-99EB-C05A32AFF9EA}.Debug|Any CPU.Build.0 = Debug|Any CPU
		{746A67DE-6CC5-4212-99EB-C05A32AFF9EA}.Release|Any CPU.ActiveCfg = Release|Any CPU
		{746A67DE-6CC5-4212-99EB-C05A32AFF9EA}.Release|Any CPU.Build.0 = Release|Any CPU
		{A9BA9B13-C5A0-49F8-8385-7439487C57ED}.Debug|Any CPU.ActiveCfg = Debug|Any CPU
		{A9BA9B13-C5A0-49F8-8385-7439487C57ED}.Debug|Any CPU.Build.0 = Debug|Any CPU
		{A9BA9B13-C5A0-49F8-8385-7439487C57ED}.Release|Any CPU.ActiveCfg = Release|Any CPU
		{A9BA9B13-C5A0-49F8-8385-7439487C57ED}.Release|Any CPU.Build.0 = Release|Any CPU
		{9103A39F-D758-4E56-8003-6413E596CA89}.Debug|Any CPU.ActiveCfg = Debug|Any CPU
		{9103A39F-D758-4E56-8003-6413E596CA89}.Debug|Any CPU.Build.0 = Debug|Any CPU
		{9103A39F-D758-4E56-8003-6413E596CA89}.Release|Any CPU.ActiveCfg = Release|Any CPU
		{9103A39F-D758-4E56-8003-6413E596CA89}.Release|Any CPU.Build.0 = Release|Any CPU
		{CBFC9AD7-3A5B-4F9E-9639-484B4F64E374}.Debug|Any CPU.ActiveCfg = Debug|Any CPU
		{CBFC9AD7-3A5B-4F9E-9639-484B4F64E374}.Debug|Any CPU.Build.0 = Debug|Any CPU
		{CBFC9AD7-3A5B-4F9E-9639-484B4F64E374}.Release|Any CPU.ActiveCfg = Release|Any CPU
		{CBFC9AD7-3A5B-4F9E-9639-484B4F64E374}.Release|Any CPU.Build.0 = Release|Any CPU
		{177F6232-605A-4138-951E-7F7CD3A9C603}.Debug|Any CPU.ActiveCfg = Debug|Any CPU
		{177F6232-605A-4138-951E-7F7CD3A9C603}.Debug|Any CPU.Build.0 = Debug|Any CPU
		{177F6232-605A-4138-951E-7F7CD3A9C603}.Release|Any CPU.ActiveCfg = Release|Any CPU
		{177F6232-605A-4138-951E-7F7CD3A9C603}.Release|Any CPU.Build.0 = Release|Any CPU
		{2EBAF442-63C9-4355-AEA6-213233944313}.Debug|Any CPU.ActiveCfg = Debug|Any CPU
		{2EBAF442-63C9-4355-AEA6-213233944313}.Debug|Any CPU.Build.0 = Debug|Any CPU
		{2EBAF442-63C9-4355-AEA6-213233944313}.Release|Any CPU.ActiveCfg = Release|Any CPU
		{2EBAF442-63C9-4355-AEA6-213233944313}.Release|Any CPU.Build.0 = Release|Any CPU
		{53F62A54-56D8-4825-ACB3-C57CA8DCE831}.Debug|Any CPU.ActiveCfg = Debug|Any CPU
		{53F62A54-56D8-4825-ACB3-C57CA8DCE831}.Debug|Any CPU.Build.0 = Debug|Any CPU
		{53F62A54-56D8-4825-ACB3-C57CA8DCE831}.Release|Any CPU.ActiveCfg = Release|Any CPU
		{53F62A54-56D8-4825-ACB3-C57CA8DCE831}.Release|Any CPU.Build.0 = Release|Any CPU
		{2D392451-3564-44E8-A4A0-2698622EAFC9}.Debug|Any CPU.ActiveCfg = Debug|Any CPU
		{2D392451-3564-44E8-A4A0-2698622EAFC9}.Debug|Any CPU.Build.0 = Debug|Any CPU
		{2D392451-3564-44E8-A4A0-2698622EAFC9}.Release|Any CPU.ActiveCfg = Release|Any CPU
		{2D392451-3564-44E8-A4A0-2698622EAFC9}.Release|Any CPU.Build.0 = Release|Any CPU
	EndGlobalSection
	GlobalSection(NestedProjects) = preSolution
		{8F8D9BF7-77C7-45C4-A1CC-3A7AF75F06E1} = {06D45E73-14D9-43FC-A9E4-5CFF63E70220}
		{63F2BD1E-A1BC-426E-95C9-867FE017FA84} = {06D45E73-14D9-43FC-A9E4-5CFF63E70220}
		{BC5AC5A3-A71D-43BE-98F1-85C117678183} = {06D45E73-14D9-43FC-A9E4-5CFF63E70220}
		{74549647-D658-4AE7-9F81-2B8073570D90} = {06D45E73-14D9-43FC-A9E4-5CFF63E70220}
		{C70ADE95-99B8-45C6-A930-3759C85DEA54} = {06D45E73-14D9-43FC-A9E4-5CFF63E70220}
		{44CC8D56-6B5E-4852-A8FC-7087FA122153} = {5B776596-3EED-4C8B-A23E-2F4551599BF5}
		{359ABA69-441C-48D2-A104-9DD6F8271D1E} = {8DFC1EBD-A220-4B87-A4E7-EA3465C2CBB9}
		{630F73A2-0787-4C84-8CDD-DB29EB4FDA75} = {8DFC1EBD-A220-4B87-A4E7-EA3465C2CBB9}
		{F00145C9-416F-47B7-902C-DD150B6A1216} = {8DFC1EBD-A220-4B87-A4E7-EA3465C2CBB9}
		{BF8028DD-FBFC-4637-A9DB-40D650EDE32D} = {8DFC1EBD-A220-4B87-A4E7-EA3465C2CBB9}
		{3985C860-1FC4-49E2-9ACB-29E2B822BF4D} = {8DFC1EBD-A220-4B87-A4E7-EA3465C2CBB9}
		{1A2E6CA0-5F10-479C-96FE-01D0F765462D} = {6E8B7C3F-F87D-4ED7-9CF4-354BB021AA8A}
		{C32B4E0D-CD7C-40DA-AE1C-02DD2434D868} = {6E8B7C3F-F87D-4ED7-9CF4-354BB021AA8A}
		{746A67DE-6CC5-4212-99EB-C05A32AFF9EA} = {6E8B7C3F-F87D-4ED7-9CF4-354BB021AA8A}
		{A9BA9B13-C5A0-49F8-8385-7439487C57ED} = {6E8B7C3F-F87D-4ED7-9CF4-354BB021AA8A}
		{9103A39F-D758-4E56-8003-6413E596CA89} = {6E8B7C3F-F87D-4ED7-9CF4-354BB021AA8A}
		{CBFC9AD7-3A5B-4F9E-9639-484B4F64E374} = {7DA66665-4425-4389-9888-DBF4726A04FE}
		{177F6232-605A-4138-951E-7F7CD3A9C603} = {7DA66665-4425-4389-9888-DBF4726A04FE}
		{2EBAF442-63C9-4355-AEA6-213233944313} = {7DA66665-4425-4389-9888-DBF4726A04FE}
		{53F62A54-56D8-4825-ACB3-C57CA8DCE831} = {7DA66665-4425-4389-9888-DBF4726A04FE}
		{2D392451-3564-44E8-A4A0-2698622EAFC9} = {5B776596-3EED-4C8B-A23E-2F4551599BF5}
	EndGlobalSection
EndGlobal
